
Microsoft Visual Studio Solution File, Format Version 12.00
# Visual Studio Version 17
VisualStudioVersion = 17.0.31903.59
MinimumVisualStudioVersion = 10.0.40219.1
Project("{2150E333-8FDC-42A3-9474-1A3956D46DE8}") = "src", "src", "{43AE5BF8-FD19-43BA-8396-E3D0CE9752F3}"
EndProject
Project("{FAE04EC0-301F-11D3-BF4B-00C04F79EFBC}") = "Todo.Domain", "src\Todo.Domain\Todo.Domain.csproj", "{25D29594-768E-4522-928A-84B175843DA2}"
EndProject
Project("{FAE04EC0-301F-11D3-BF4B-00C04F79EFBC}") = "Todo.Shared", "src\Todo.Shared\Todo.Shared.csproj", "{9E43132C-79AE-4062-8E30-EA03C43D4DC6}"
EndProject
Project("{2150E333-8FDC-42A3-9474-1A3956D46DE8}") = "tests", "tests", "{A1B2085C-7D75-41AE-B4B3-9EE4BB0F4ECB}"
EndProject
Project("{FAE04EC0-301F-11D3-BF4B-00C04F79EFBC}") = "Todo.Domain.Test", "tests\Todo.Domain.Test\Todo.Domain.Test.csproj", "{FE573571-BEDF-4D55-A695-4F22316D1DE6}"
EndProject
Project("{FAE04EC0-301F-11D3-BF4B-00C04F79EFBC}") = "Todo.Infrastructure", "src\Todo.Infrastructure\Todo.Infrastructure.csproj", "{D98CF0D0-550A-4D3C-AA46-275E675119D4}"
EndProject
Project("{FAE04EC0-301F-11D3-BF4B-00C04F79EFBC}") = "Todo.Api", "src\Todo.Api\Todo.Api.csproj", "{80266017-CCFB-4D91-87F9-16C66CE16AB6}"
EndProject
Project("{2150E333-8FDC-42A3-9474-1A3956D46DE8}") = "others", "others", "{86092595-3C4E-4A20-9E35-D2361D1776E4}"
EndProject
Project("{FAE04EC0-301F-11D3-BF4B-00C04F79EFBC}") = "Todo.Consumer", "others\Todo.Consumer\Todo.Consumer.csproj", "{2B388C64-D730-463A-A996-8A962BA5EAFE}"
EndProject
Project("{FAE04EC0-301F-11D3-BF4B-00C04F79EFBC}") = "Todo.UI.Blazor", "src\Todo.UI.Blazor\Todo.UI.Blazor.csproj", "{9D4D8C07-D80F-4607-85F0-CC77D403EF4E}"
EndProject
Project("{FAE04EC0-301F-11D3-BF4B-00C04F79EFBC}") = "Todo.Worker", "others\Todo.Worker\Todo.Worker.csproj", "{01CA8C52-98EE-4DBB-AFEA-31AE3B27E7F3}"
EndProject
Global
	GlobalSection(SolutionConfigurationPlatforms) = preSolution
		Debug|Any CPU = Debug|Any CPU
		Release|Any CPU = Release|Any CPU
	EndGlobalSection
	GlobalSection(SolutionProperties) = preSolution
		HideSolutionNode = FALSE
	EndGlobalSection
	GlobalSection(ProjectConfigurationPlatforms) = postSolution
		{25D29594-768E-4522-928A-84B175843DA2}.Debug|Any CPU.ActiveCfg = Debug|Any CPU
		{25D29594-768E-4522-928A-84B175843DA2}.Debug|Any CPU.Build.0 = Debug|Any CPU
		{25D29594-768E-4522-928A-84B175843DA2}.Release|Any CPU.ActiveCfg = Release|Any CPU
		{25D29594-768E-4522-928A-84B175843DA2}.Release|Any CPU.Build.0 = Release|Any CPU
		{9E43132C-79AE-4062-8E30-EA03C43D4DC6}.Debug|Any CPU.ActiveCfg = Debug|Any CPU
		{9E43132C-79AE-4062-8E30-EA03C43D4DC6}.Debug|Any CPU.Build.0 = Debug|Any CPU
		{9E43132C-79AE-4062-8E30-EA03C43D4DC6}.Release|Any CPU.ActiveCfg = Release|Any CPU
		{9E43132C-79AE-4062-8E30-EA03C43D4DC6}.Release|Any CPU.Build.0 = Release|Any CPU
		{FE573571-BEDF-4D55-A695-4F22316D1DE6}.Debug|Any CPU.ActiveCfg = Debug|Any CPU
		{FE573571-BEDF-4D55-A695-4F22316D1DE6}.Debug|Any CPU.Build.0 = Debug|Any CPU
		{FE573571-BEDF-4D55-A695-4F22316D1DE6}.Release|Any CPU.ActiveCfg = Release|Any CPU
		{FE573571-BEDF-4D55-A695-4F22316D1DE6}.Release|Any CPU.Build.0 = Release|Any CPU
		{D98CF0D0-550A-4D3C-AA46-275E675119D4}.Debug|Any CPU.ActiveCfg = Debug|Any CPU
		{D98CF0D0-550A-4D3C-AA46-275E675119D4}.Debug|Any CPU.Build.0 = Debug|Any CPU
		{D98CF0D0-550A-4D3C-AA46-275E675119D4}.Release|Any CPU.ActiveCfg = Release|Any CPU
		{D98CF0D0-550A-4D3C-AA46-275E675119D4}.Release|Any CPU.Build.0 = Release|Any CPU
		{80266017-CCFB-4D91-87F9-16C66CE16AB6}.Debug|Any CPU.ActiveCfg = Debug|Any CPU
		{80266017-CCFB-4D91-87F9-16C66CE16AB6}.Debug|Any CPU.Build.0 = Debug|Any CPU
		{80266017-CCFB-4D91-87F9-16C66CE16AB6}.Release|Any CPU.ActiveCfg = Release|Any CPU
		{80266017-CCFB-4D91-87F9-16C66CE16AB6}.Release|Any CPU.Build.0 = Release|Any CPU
		{2B388C64-D730-463A-A996-8A962BA5EAFE}.Debug|Any CPU.ActiveCfg = Debug|Any CPU
		{2B388C64-D730-463A-A996-8A962BA5EAFE}.Debug|Any CPU.Build.0 = Debug|Any CPU
		{2B388C64-D730-463A-A996-8A962BA5EAFE}.Release|Any CPU.ActiveCfg = Release|Any CPU
		{2B388C64-D730-463A-A996-8A962BA5EAFE}.Release|Any CPU.Build.0 = Release|Any CPU
		{9D4D8C07-D80F-4607-85F0-CC77D403EF4E}.Debug|Any CPU.ActiveCfg = Debug|Any CPU
		{9D4D8C07-D80F-4607-85F0-CC77D403EF4E}.Debug|Any CPU.Build.0 = Debug|Any CPU
		{9D4D8C07-D80F-4607-85F0-CC77D403EF4E}.Release|Any CPU.ActiveCfg = Release|Any CPU
		{9D4D8C07-D80F-4607-85F0-CC77D403EF4E}.Release|Any CPU.Build.0 = Release|Any CPU
		{01CA8C52-98EE-4DBB-AFEA-31AE3B27E7F3}.Debug|Any CPU.ActiveCfg = Debug|Any CPU
		{01CA8C52-98EE-4DBB-AFEA-31AE3B27E7F3}.Debug|Any CPU.Build.0 = Debug|Any CPU
		{01CA8C52-98EE-4DBB-AFEA-31AE3B27E7F3}.Release|Any CPU.ActiveCfg = Release|Any CPU
		{01CA8C52-98EE-4DBB-AFEA-31AE3B27E7F3}.Release|Any CPU.Build.0 = Release|Any CPU
	EndGlobalSection
	GlobalSection(NestedProjects) = preSolution
		{25D29594-768E-4522-928A-84B175843DA2} = {43AE5BF8-FD19-43BA-8396-E3D0CE9752F3}
		{9E43132C-79AE-4062-8E30-EA03C43D4DC6} = {43AE5BF8-FD19-43BA-8396-E3D0CE9752F3}
		{FE573571-BEDF-4D55-A695-4F22316D1DE6} = {A1B2085C-7D75-41AE-B4B3-9EE4BB0F4ECB}
		{D98CF0D0-550A-4D3C-AA46-275E675119D4} = {43AE5BF8-FD19-43BA-8396-E3D0CE9752F3}
		{80266017-CCFB-4D91-87F9-16C66CE16AB6} = {43AE5BF8-FD19-43BA-8396-E3D0CE9752F3}
		{2B388C64-D730-463A-A996-8A962BA5EAFE} = {86092595-3C4E-4A20-9E35-D2361D1776E4}
		{9D4D8C07-D80F-4607-85F0-CC77D403EF4E} = {43AE5BF8-FD19-43BA-8396-E3D0CE9752F3}
		{01CA8C52-98EE-4DBB-AFEA-31AE3B27E7F3} = {86092595-3C4E-4A20-9E35-D2361D1776E4}
	EndGlobalSection
EndGlobal
